
Microsoft Visual Studio Solution File, Format Version 12.00
# Visual Studio Version 17
VisualStudioVersion = 17.3.32804.467
MinimumVisualStudioVersion = 10.0.40219.1
Project("{FAE04EC0-301F-11D3-BF4B-00C04F79EFBC}") = "ejercicio1", "ejercicio1\ejercicio1.csproj", "{D434B9B4-032E-4610-BD74-C31FF8C1EF23}"
EndProject
Project("{FAE04EC0-301F-11D3-BF4B-00C04F79EFBC}") = "ejercicio2", "ejercicio2\ejercicio2.csproj", "{F00161CA-8186-4A8D-8C88-2F7EAFBA7A6E}"
EndProject
Global
	GlobalSection(SolutionConfigurationPlatforms) = preSolution
		Debug|Any CPU = Debug|Any CPU
		Release|Any CPU = Release|Any CPU
	EndGlobalSection
	GlobalSection(ProjectConfigurationPlatforms) = postSolution
		{D434B9B4-032E-4610-BD74-C31FF8C1EF23}.Debug|Any CPU.ActiveCfg = Debug|Any CPU
		{D434B9B4-032E-4610-BD74-C31FF8C1EF23}.Debug|Any CPU.Build.0 = Debug|Any CPU
		{D434B9B4-032E-4610-BD74-C31FF8C1EF23}.Release|Any CPU.ActiveCfg = Release|Any CPU
		{D434B9B4-032E-4610-BD74-C31FF8C1EF23}.Release|Any CPU.Build.0 = Release|Any CPU
		{F00161CA-8186-4A8D-8C88-2F7EAFBA7A6E}.Debug|Any CPU.ActiveCfg = Debug|Any CPU
		{F00161CA-8186-4A8D-8C88-2F7EAFBA7A6E}.Debug|Any CPU.Build.0 = Debug|Any CPU
		{F00161CA-8186-4A8D-8C88-2F7EAFBA7A6E}.Release|Any CPU.ActiveCfg = Release|Any CPU
		{F00161CA-8186-4A8D-8C88-2F7EAFBA7A6E}.Release|Any CPU.Build.0 = Release|Any CPU
	EndGlobalSection
	GlobalSection(SolutionProperties) = preSolution
		HideSolutionNode = FALSE
	EndGlobalSection
	GlobalSection(ExtensibilityGlobals) = postSolution
		SolutionGuid = {3CBC5527-07AE-4AB2-AE6E-4C2CA4C0EECA}
	EndGlobalSection
EndGlobal
